
Microsoft Visual Studio Solution File, Format Version 12.00
# Visual Studio Version 16
VisualStudioVersion = 16.0.29306.81
MinimumVisualStudioVersion = 10.0.40219.1
Project("{9A19103F-16F7-4668-BE54-9A1E7A4F7556}") = "ToDoList.Entities", "entities\ToDoList.Entities.csproj", "{9613FBC8-FF05-4E26-8446-DD0232C55546}"
EndProject
Project("{9A19103F-16F7-4668-BE54-9A1E7A4F7556}") = "ToDoList.Model", "model\ToDoList.Model.csproj", "{4B984496-768B-4412-AEF8-C846426B882F}"
EndProject
Project("{9A19103F-16F7-4668-BE54-9A1E7A4F7556}") = "ToDoList.Messaging", "messaging\ToDoList.Messaging.csproj", "{83A92926-54B7-41FD-983D-05BAB7C12866}"
EndProject
Project("{9A19103F-16F7-4668-BE54-9A1E7A4F7556}") = "ToDoList", "web\ToDoList.csproj", "{2588541B-A346-4E67-A979-92DBF3E13BAE}"
EndProject
Project("{9A19103F-16F7-4668-BE54-9A1E7A4F7556}") = "ToDoList.SaveHandler", "save-handler\ToDoList.SaveHandler.csproj", "{934FF3E8-BACB-4735-B301-15619C5E350A}"
EndProject
Project("{2150E333-8FDC-42A3-9474-1A3956D46DE8}") = "Shared", "Shared", "{00ED18E7-6932-414E-A2A0-B146B4F39E0E}"
EndProject
Project("{2150E333-8FDC-42A3-9474-1A3956D46DE8}") = "Web", "Web", "{5F96B056-6CF3-4C98-B085-A40516CCF557}"
EndProject
Project("{2150E333-8FDC-42A3-9474-1A3956D46DE8}") = "Handlers", "Handlers", "{B396D917-1380-49D9-A1A1-E791808CE628}"
EndProject
Project("{9A19103F-16F7-4668-BE54-9A1E7A4F7556}") = "ToDoList.Core", "core\ToDoList.Core.csproj", "{850C570D-BB42-4C64-9FE3-B0AA11E24BFC}"
EndProject
Project("{9A19103F-16F7-4668-BE54-9A1E7A4F7556}") = "ToDoList.AuditHandler", "audit-handler\ToDoList.AuditHandler.csproj", "{5A5E7550-EB2A-4820-BE69-147172F79138}"
EndProject
Project("{2150E333-8FDC-42A3-9474-1A3956D46DE8}") = "Api", "Api", "{6F73E7C6-317A-4C32-B89F-7D33D79BC926}"
EndProject
Project("{9A19103F-16F7-4668-BE54-9A1E7A4F7556}") = "ToDoList.Api", "api\ToDoList.Api.csproj", "{5B033673-777E-4893-B41A-018D23415176}"
EndProject
Project("{9A19103F-16F7-4668-BE54-9A1E7A4F7556}") = "ToDoList.MutatingHandler", "mutating-handler\ToDoList.MutatingHandler.csproj", "{86EAAB22-7976-4645-ACF1-D9E72E7FD986}"
EndProject
Global
	GlobalSection(SolutionConfigurationPlatforms) = preSolution
		Debug|Any CPU = Debug|Any CPU
		Release|Any CPU = Release|Any CPU
	EndGlobalSection
	GlobalSection(ProjectConfigurationPlatforms) = postSolution
		{9613FBC8-FF05-4E26-8446-DD0232C55546}.Debug|Any CPU.ActiveCfg = Debug|Any CPU
		{9613FBC8-FF05-4E26-8446-DD0232C55546}.Debug|Any CPU.Build.0 = Debug|Any CPU
		{9613FBC8-FF05-4E26-8446-DD0232C55546}.Release|Any CPU.ActiveCfg = Release|Any CPU
		{9613FBC8-FF05-4E26-8446-DD0232C55546}.Release|Any CPU.Build.0 = Release|Any CPU
		{4B984496-768B-4412-AEF8-C846426B882F}.Debug|Any CPU.ActiveCfg = Debug|Any CPU
		{4B984496-768B-4412-AEF8-C846426B882F}.Debug|Any CPU.Build.0 = Debug|Any CPU
		{4B984496-768B-4412-AEF8-C846426B882F}.Release|Any CPU.ActiveCfg = Release|Any CPU
		{4B984496-768B-4412-AEF8-C846426B882F}.Release|Any CPU.Build.0 = Release|Any CPU
		{83A92926-54B7-41FD-983D-05BAB7C12866}.Debug|Any CPU.ActiveCfg = Debug|Any CPU
		{83A92926-54B7-41FD-983D-05BAB7C12866}.Debug|Any CPU.Build.0 = Debug|Any CPU
		{83A92926-54B7-41FD-983D-05BAB7C12866}.Release|Any CPU.ActiveCfg = Release|Any CPU
		{83A92926-54B7-41FD-983D-05BAB7C12866}.Release|Any CPU.Build.0 = Release|Any CPU
		{2588541B-A346-4E67-A979-92DBF3E13BAE}.Debug|Any CPU.ActiveCfg = Debug|Any CPU
		{2588541B-A346-4E67-A979-92DBF3E13BAE}.Debug|Any CPU.Build.0 = Debug|Any CPU
		{2588541B-A346-4E67-A979-92DBF3E13BAE}.Release|Any CPU.ActiveCfg = Release|Any CPU
		{2588541B-A346-4E67-A979-92DBF3E13BAE}.Release|Any CPU.Build.0 = Release|Any CPU
		{934FF3E8-BACB-4735-B301-15619C5E350A}.Debug|Any CPU.ActiveCfg = Debug|Any CPU
		{934FF3E8-BACB-4735-B301-15619C5E350A}.Debug|Any CPU.Build.0 = Debug|Any CPU
		{934FF3E8-BACB-4735-B301-15619C5E350A}.Release|Any CPU.ActiveCfg = Release|Any CPU
		{934FF3E8-BACB-4735-B301-15619C5E350A}.Release|Any CPU.Build.0 = Release|Any CPU
		{850C570D-BB42-4C64-9FE3-B0AA11E24BFC}.Debug|Any CPU.ActiveCfg = Debug|Any CPU
		{850C570D-BB42-4C64-9FE3-B0AA11E24BFC}.Debug|Any CPU.Build.0 = Debug|Any CPU
		{850C570D-BB42-4C64-9FE3-B0AA11E24BFC}.Release|Any CPU.ActiveCfg = Release|Any CPU
		{850C570D-BB42-4C64-9FE3-B0AA11E24BFC}.Release|Any CPU.Build.0 = Release|Any CPU
		{5A5E7550-EB2A-4820-BE69-147172F79138}.Debug|Any CPU.ActiveCfg = Debug|Any CPU
		{5A5E7550-EB2A-4820-BE69-147172F79138}.Debug|Any CPU.Build.0 = Debug|Any CPU
		{5A5E7550-EB2A-4820-BE69-147172F79138}.Release|Any CPU.ActiveCfg = Release|Any CPU
		{5A5E7550-EB2A-4820-BE69-147172F79138}.Release|Any CPU.Build.0 = Release|Any CPU
		{5B033673-777E-4893-B41A-018D23415176}.Debug|Any CPU.ActiveCfg = Debug|Any CPU
		{5B033673-777E-4893-B41A-018D23415176}.Debug|Any CPU.Build.0 = Debug|Any CPU
		{5B033673-777E-4893-B41A-018D23415176}.Release|Any CPU.ActiveCfg = Release|Any CPU
		{5B033673-777E-4893-B41A-018D23415176}.Release|Any CPU.Build.0 = Release|Any CPU
		{86EAAB22-7976-4645-ACF1-D9E72E7FD986}.Debug|Any CPU.ActiveCfg = Debug|Any CPU
		{86EAAB22-7976-4645-ACF1-D9E72E7FD986}.Debug|Any CPU.Build.0 = Debug|Any CPU
		{86EAAB22-7976-4645-ACF1-D9E72E7FD986}.Release|Any CPU.ActiveCfg = Release|Any CPU
		{86EAAB22-7976-4645-ACF1-D9E72E7FD986}.Release|Any CPU.Build.0 = Release|Any CPU
	EndGlobalSection
	GlobalSection(SolutionProperties) = preSolution
		HideSolutionNode = FALSE
	EndGlobalSection
	GlobalSection(NestedProjects) = preSolution
		{9613FBC8-FF05-4E26-8446-DD0232C55546} = {00ED18E7-6932-414E-A2A0-B146B4F39E0E}
		{4B984496-768B-4412-AEF8-C846426B882F} = {00ED18E7-6932-414E-A2A0-B146B4F39E0E}
		{83A92926-54B7-41FD-983D-05BAB7C12866} = {00ED18E7-6932-414E-A2A0-B146B4F39E0E}
		{2588541B-A346-4E67-A979-92DBF3E13BAE} = {5F96B056-6CF3-4C98-B085-A40516CCF557}
		{934FF3E8-BACB-4735-B301-15619C5E350A} = {B396D917-1380-49D9-A1A1-E791808CE628}
		{850C570D-BB42-4C64-9FE3-B0AA11E24BFC} = {00ED18E7-6932-414E-A2A0-B146B4F39E0E}
		{5A5E7550-EB2A-4820-BE69-147172F79138} = {B396D917-1380-49D9-A1A1-E791808CE628}
		{5B033673-777E-4893-B41A-018D23415176} = {6F73E7C6-317A-4C32-B89F-7D33D79BC926}
		{86EAAB22-7976-4645-ACF1-D9E72E7FD986} = {B396D917-1380-49D9-A1A1-E791808CE628}
	EndGlobalSection
	GlobalSection(ExtensibilityGlobals) = postSolution
		SolutionGuid = {157E1524-DFFE-4A8F-9DF1-C6B03D9C65D0}
	EndGlobalSection
EndGlobal
